
Microsoft Visual Studio Solution File, Format Version 12.00
# Visual Studio Version 16
VisualStudioVersion = 16.0.31105.61
MinimumVisualStudioVersion = 10.0.40219.1
Project("{FAE04EC0-301F-11D3-BF4B-00C04F79EFBC}") = "Battleship", "Battleship\Battleship.csproj", "{800A5B9E-6266-4CBA-A809-84BA00C83BB9}"
EndProject
Project("{FAE04EC0-301F-11D3-BF4B-00C04F79EFBC}") = "Battleship.Logic", "Battleship.Logic\Battleship.Logic.csproj", "{414671F4-F9A0-4BB3-B92B-C1B25A8D41B0}"
EndProject
Project("{FAE04EC0-301F-11D3-BF4B-00C04F79EFBC}") = "Battleship.Tests", "Battleship.Tests\Battleship.Tests.csproj", "{2B42EDA3-F89B-4C75-A1F4-91E46B55D062}"
EndProject
Global
	GlobalSection(SolutionConfigurationPlatforms) = preSolution
		Debug|Any CPU = Debug|Any CPU
		Release|Any CPU = Release|Any CPU
	EndGlobalSection
	GlobalSection(ProjectConfigurationPlatforms) = postSolution
		{800A5B9E-6266-4CBA-A809-84BA00C83BB9}.Debug|Any CPU.ActiveCfg = Debug|Any CPU
		{800A5B9E-6266-4CBA-A809-84BA00C83BB9}.Debug|Any CPU.Build.0 = Debug|Any CPU
		{800A5B9E-6266-4CBA-A809-84BA00C83BB9}.Release|Any CPU.ActiveCfg = Release|Any CPU
		{800A5B9E-6266-4CBA-A809-84BA00C83BB9}.Release|Any CPU.Build.0 = Release|Any CPU
		{414671F4-F9A0-4BB3-B92B-C1B25A8D41B0}.Debug|Any CPU.ActiveCfg = Debug|Any CPU
		{414671F4-F9A0-4BB3-B92B-C1B25A8D41B0}.Debug|Any CPU.Build.0 = Debug|Any CPU
		{414671F4-F9A0-4BB3-B92B-C1B25A8D41B0}.Release|Any CPU.ActiveCfg = Release|Any CPU
		{414671F4-F9A0-4BB3-B92B-C1B25A8D41B0}.Release|Any CPU.Build.0 = Release|Any CPU
		{2B42EDA3-F89B-4C75-A1F4-91E46B55D062}.Debug|Any CPU.ActiveCfg = Debug|Any CPU
		{2B42EDA3-F89B-4C75-A1F4-91E46B55D062}.Debug|Any CPU.Build.0 = Debug|Any CPU
		{2B42EDA3-F89B-4C75-A1F4-91E46B55D062}.Release|Any CPU.ActiveCfg = Release|Any CPU
		{2B42EDA3-F89B-4C75-A1F4-91E46B55D062}.Release|Any CPU.Build.0 = Release|Any CPU
	EndGlobalSection
	GlobalSection(SolutionProperties) = preSolution
		HideSolutionNode = FALSE
	EndGlobalSection
	GlobalSection(ExtensibilityGlobals) = postSolution
		SolutionGuid = {FEDAAEB3-9119-4614-9386-8E0EA3804A7F}
	EndGlobalSection
EndGlobal
